{
  "requires": true,
  "lockfileVersion": 1,
  "dependencies": {
    "mongodb-server": {
      "version": "1.0.0",
      "resolved": "https://registry.npmjs.org/mongodb-server/-/mongodb-server-1.0.0.tgz",
      "integrity": "sha512-Lrqt4PRHMSPobXFd6sUHOFgBzo8KVUHcjRRYzngYkKfmHZfCi1sQhBoTpvoyGDcM65YNB15fZMQAcNzcpV7W2g=="
    }
  }
}
